
Microsoft Visual Studio Solution File, Format Version 12.00
# Visual Studio 15
VisualStudioVersion = 15.0.27130.2027
MinimumVisualStudioVersion = 10.0.40219.1
Project("{FAE04EC0-301F-11D3-BF4B-00C04F79EFBC}") = "Scheduler.Server", "Scheduler.Server\Scheduler.Server.csproj", "{25E489AC-029F-4C95-A240-5B977A105C07}"
EndProject
Project("{FAE04EC0-301F-11D3-BF4B-00C04F79EFBC}") = "Scheduler.Client", "Scheduler.Client\Scheduler.Client.csproj", "{1022BAC3-F06F-4C60-BC46-B99A70764056}"
EndProject
Project("{2150E333-8FDC-42A3-9474-1A3956D46DE8}") = "Solution Itens", "Solution Itens", "{AF1856BD-8D53-407D-B826-04835AF1220F}"
	ProjectSection(SolutionItems) = preProject
		Solution Itens\App.config = Solution Itens\App.config
		Solution Itens\ConnectionStrings.config = Solution Itens\ConnectionStrings.config
		Solution Itens\Crontab.xls = Solution Itens\Crontab.xls
	EndProjectSection
EndProject
Project("{FAE04EC0-301F-11D3-BF4B-00C04F79EFBC}") = "Scheduler.Jobs", "Scheduler.Jobs\Scheduler.Jobs.csproj", "{D7017D3A-2296-4254-922B-02B484F8E961}"
EndProject
Global
	GlobalSection(SolutionConfigurationPlatforms) = preSolution
		Debug|Any CPU = Debug|Any CPU
		Release|Any CPU = Release|Any CPU
	EndGlobalSection
	GlobalSection(ProjectConfigurationPlatforms) = postSolution
		{25E489AC-029F-4C95-A240-5B977A105C07}.Debug|Any CPU.ActiveCfg = Debug|Any CPU
		{25E489AC-029F-4C95-A240-5B977A105C07}.Debug|Any CPU.Build.0 = Debug|Any CPU
		{25E489AC-029F-4C95-A240-5B977A105C07}.Release|Any CPU.ActiveCfg = Release|Any CPU
		{25E489AC-029F-4C95-A240-5B977A105C07}.Release|Any CPU.Build.0 = Release|Any CPU
		{1022BAC3-F06F-4C60-BC46-B99A70764056}.Debug|Any CPU.ActiveCfg = Debug|Any CPU
		{1022BAC3-F06F-4C60-BC46-B99A70764056}.Debug|Any CPU.Build.0 = Debug|Any CPU
		{1022BAC3-F06F-4C60-BC46-B99A70764056}.Release|Any CPU.ActiveCfg = Release|Any CPU
		{1022BAC3-F06F-4C60-BC46-B99A70764056}.Release|Any CPU.Build.0 = Release|Any CPU
		{D7017D3A-2296-4254-922B-02B484F8E961}.Debug|Any CPU.ActiveCfg = Debug|Any CPU
		{D7017D3A-2296-4254-922B-02B484F8E961}.Debug|Any CPU.Build.0 = Debug|Any CPU
		{D7017D3A-2296-4254-922B-02B484F8E961}.Release|Any CPU.ActiveCfg = Release|Any CPU
		{D7017D3A-2296-4254-922B-02B484F8E961}.Release|Any CPU.Build.0 = Release|Any CPU
	EndGlobalSection
	GlobalSection(SolutionProperties) = preSolution
		HideSolutionNode = FALSE
	EndGlobalSection
	GlobalSection(ExtensibilityGlobals) = postSolution
		SolutionGuid = {AB69E059-02EE-41CF-8783-2CBFB4FAD27D}
	EndGlobalSection
EndGlobal
